# generated by rye
# use `rye lock` or `rye sync` to update this lockfile
#
# last locked with the following flags:
#   pre: false
#   features: []
#   all-features: false
#   with-sources: false
#   generate-hashes: false
#   universal: true

-e file:libs/bunny_storage
-e file:libs/rdlevel_parse
-e file:libs/utils
-e file:libs/vitals
anyio==4.4.0
    # via httpx
asgiref==3.8.1
    # via django
    # via django-minify-html
asyncore-wsgi==0.0.11
    # via web-pdb
bottle==0.12.25
    # via web-pdb
certifi==2024.7.4
    # via httpcore
    # via httpx
cffi==1.16.0 ; platform_python_implementation != 'PyPy'
    # via cryptography
colorama==0.4.6 ; sys_platform == 'win32'
    # via loguru
cryptography==42.0.8
django==5.0.7
    # via django-appconf
    # via django-compressor
    # via django-hijack
    # via django-minify-html
django-appconf==1.0.6
    # via django-compressor
django-compressor==4.5
django-hijack==3.6.0
django-minify-html==1.8.0
django-oauth-login==0.2.4
h11==0.14.0
    # via httpcore
httpcore==1.0.5
    # via httpx
httpx==0.27.0
huey==2.5.1
idna==3.7
    # via anyio
    # via httpx
jinja2==3.1.4
loguru==0.7.2
markupsafe==2.1.5
    # via jinja2
minify-html==0.15.0
    # via django-minify-html
msgspec==0.18.6
    # via vitals
names==0.3.0
nanoid==2.0.0
pillow==10.4.0
    # via vitals
pycparser==2.22 ; platform_python_implementation != 'PyPy'
    # via cffi
python-dotenv==1.0.1
rcssmin==1.1.2
    # via django-compressor
rjsmin==1.2.2
    # via django-compressor
rules==3.4
sniffio==1.3.1
    # via anyio
    # via httpx
sqlparse==0.5.0
    # via django
tenacity==8.5.0
    # via bunny-storage
tzdata==2024.1 ; sys_platform == 'win32'
    # via django
web-pdb==1.6.2
win32-setctime==1.1.0 ; sys_platform == 'win32'
    # via loguru
